
Microsoft Visual Studio Solution File, Format Version 12.00
# Visual Studio Version 16
VisualStudioVersion = 16.0.29411.108
MinimumVisualStudioVersion = 10.0.40219.1
Project("{FAE04EC0-301F-11D3-BF4B-00C04F79EFBC}") = "TDL.UWP", "TDL\TDL.UWP\TDL.UWP.csproj", "{E20FEE27-6F52-4373-8D83-DA9DC57945B4}"
EndProject
Project("{FAE04EC0-301F-11D3-BF4B-00C04F79EFBC}") = "TDL.Android", "TDL\TDL.Android\TDL.Android.csproj", "{02109670-8A5C-403B-B775-0549D5A570E6}"
EndProject
Project("{9A19103F-16F7-4668-BE54-9A1E7A4F7556}") = "SelfMonitoringApp", "TDL\TDL\SelfMonitoringApp.csproj", "{A32C4C38-909C-44D1-AEE9-2217B7025EBB}"
EndProject
Global
	GlobalSection(SolutionConfigurationPlatforms) = preSolution
		Debug|Any CPU = Debug|Any CPU
		Debug|ARM = Debug|ARM
		Debug|x64 = Debug|x64
		Debug|x86 = Debug|x86
		Release|Any CPU = Release|Any CPU
		Release|ARM = Release|ARM
		Release|x64 = Release|x64
		Release|x86 = Release|x86
	EndGlobalSection
	GlobalSection(ProjectConfigurationPlatforms) = postSolution
		{E20FEE27-6F52-4373-8D83-DA9DC57945B4}.Debug|Any CPU.ActiveCfg = Debug|x86
		{E20FEE27-6F52-4373-8D83-DA9DC57945B4}.Debug|Any CPU.Build.0 = Debug|x86
		{E20FEE27-6F52-4373-8D83-DA9DC57945B4}.Debug|Any CPU.Deploy.0 = Debug|x86
		{E20FEE27-6F52-4373-8D83-DA9DC57945B4}.Debug|ARM.ActiveCfg = Debug|ARM
		{E20FEE27-6F52-4373-8D83-DA9DC57945B4}.Debug|ARM.Build.0 = Debug|ARM
		{E20FEE27-6F52-4373-8D83-DA9DC57945B4}.Debug|ARM.Deploy.0 = Debug|ARM
		{E20FEE27-6F52-4373-8D83-DA9DC57945B4}.Debug|x64.ActiveCfg = Debug|x64
		{E20FEE27-6F52-4373-8D83-DA9DC57945B4}.Debug|x64.Build.0 = Debug|x64
		{E20FEE27-6F52-4373-8D83-DA9DC57945B4}.Debug|x64.Deploy.0 = Debug|x64
		{E20FEE27-6F52-4373-8D83-DA9DC57945B4}.Debug|x86.ActiveCfg = Debug|x86
		{E20FEE27-6F52-4373-8D83-DA9DC57945B4}.Debug|x86.Build.0 = Debug|x86
		{E20FEE27-6F52-4373-8D83-DA9DC57945B4}.Debug|x86.Deploy.0 = Debug|x86
		{E20FEE27-6F52-4373-8D83-DA9DC57945B4}.Release|Any CPU.ActiveCfg = Release|x86
		{E20FEE27-6F52-4373-8D83-DA9DC57945B4}.Release|Any CPU.Build.0 = Release|x86
		{E20FEE27-6F52-4373-8D83-DA9DC57945B4}.Release|Any CPU.Deploy.0 = Release|x86
		{E20FEE27-6F52-4373-8D83-DA9DC57945B4}.Release|ARM.ActiveCfg = Release|ARM
		{E20FEE27-6F52-4373-8D83-DA9DC57945B4}.Release|ARM.Build.0 = Release|ARM
		{E20FEE27-6F52-4373-8D83-DA9DC57945B4}.Release|ARM.Deploy.0 = Release|ARM
		{E20FEE27-6F52-4373-8D83-DA9DC57945B4}.Release|x64.ActiveCfg = Release|x64
		{E20FEE27-6F52-4373-8D83-DA9DC57945B4}.Release|x64.Build.0 = Release|x64
		{E20FEE27-6F52-4373-8D83-DA9DC57945B4}.Release|x64.Deploy.0 = Release|x64
		{E20FEE27-6F52-4373-8D83-DA9DC57945B4}.Release|x86.ActiveCfg = Release|x86
		{E20FEE27-6F52-4373-8D83-DA9DC57945B4}.Release|x86.Build.0 = Release|x86
		{E20FEE27-6F52-4373-8D83-DA9DC57945B4}.Release|x86.Deploy.0 = Release|x86
		{02109670-8A5C-403B-B775-0549D5A570E6}.Debug|Any CPU.ActiveCfg = Debug|Any CPU
		{02109670-8A5C-403B-B775-0549D5A570E6}.Debug|Any CPU.Build.0 = Debug|Any CPU
		{02109670-8A5C-403B-B775-0549D5A570E6}.Debug|Any CPU.Deploy.0 = Debug|Any CPU
		{02109670-8A5C-403B-B775-0549D5A570E6}.Debug|ARM.ActiveCfg = Debug|Any CPU
		{02109670-8A5C-403B-B775-0549D5A570E6}.Debug|ARM.Build.0 = Debug|Any CPU
		{02109670-8A5C-403B-B775-0549D5A570E6}.Debug|ARM.Deploy.0 = Debug|Any CPU
		{02109670-8A5C-403B-B775-0549D5A570E6}.Debug|x64.ActiveCfg = Debug|Any CPU
		{02109670-8A5C-403B-B775-0549D5A570E6}.Debug|x64.Build.0 = Debug|Any CPU
		{02109670-8A5C-403B-B775-0549D5A570E6}.Debug|x64.Deploy.0 = Debug|Any CPU
		{02109670-8A5C-403B-B775-0549D5A570E6}.Debug|x86.ActiveCfg = Debug|Any CPU
		{02109670-8A5C-403B-B775-0549D5A570E6}.Debug|x86.Build.0 = Debug|Any CPU
		{02109670-8A5C-403B-B775-0549D5A570E6}.Debug|x86.Deploy.0 = Debug|Any CPU
		{02109670-8A5C-403B-B775-0549D5A570E6}.Release|Any CPU.ActiveCfg = Release|Any CPU
		{02109670-8A5C-403B-B775-0549D5A570E6}.Release|Any CPU.Build.0 = Release|Any CPU
		{02109670-8A5C-403B-B775-0549D5A570E6}.Release|Any CPU.Deploy.0 = Release|Any CPU
		{02109670-8A5C-403B-B775-0549D5A570E6}.Release|ARM.ActiveCfg = Release|Any CPU
		{02109670-8A5C-403B-B775-0549D5A570E6}.Release|ARM.Build.0 = Release|Any CPU
		{02109670-8A5C-403B-B775-0549D5A570E6}.Release|ARM.Deploy.0 = Release|Any CPU
		{02109670-8A5C-403B-B775-0549D5A570E6}.Release|x64.ActiveCfg = Release|Any CPU
		{02109670-8A5C-403B-B775-0549D5A570E6}.Release|x64.Build.0 = Release|Any CPU
		{02109670-8A5C-403B-B775-0549D5A570E6}.Release|x64.Deploy.0 = Release|Any CPU
		{02109670-8A5C-403B-B775-0549D5A570E6}.Release|x86.ActiveCfg = Release|Any CPU
		{02109670-8A5C-403B-B775-0549D5A570E6}.Release|x86.Build.0 = Release|Any CPU
		{02109670-8A5C-403B-B775-0549D5A570E6}.Release|x86.Deploy.0 = Release|Any CPU
		{A32C4C38-909C-44D1-AEE9-2217B7025EBB}.Debug|Any CPU.ActiveCfg = Debug|Any CPU
		{A32C4C38-909C-44D1-AEE9-2217B7025EBB}.Debug|Any CPU.Build.0 = Debug|Any CPU
		{A32C4C38-909C-44D1-AEE9-2217B7025EBB}.Debug|Any CPU.Deploy.0 = Debug|Any CPU
		{A32C4C38-909C-44D1-AEE9-2217B7025EBB}.Debug|ARM.ActiveCfg = Debug|Any CPU
		{A32C4C38-909C-44D1-AEE9-2217B7025EBB}.Debug|ARM.Build.0 = Debug|Any CPU
		{A32C4C38-909C-44D1-AEE9-2217B7025EBB}.Debug|ARM.Deploy.0 = Debug|Any CPU
		{A32C4C38-909C-44D1-AEE9-2217B7025EBB}.Debug|x64.ActiveCfg = Debug|Any CPU
		{A32C4C38-909C-44D1-AEE9-2217B7025EBB}.Debug|x64.Build.0 = Debug|Any CPU
		{A32C4C38-909C-44D1-AEE9-2217B7025EBB}.Debug|x64.Deploy.0 = Debug|Any CPU
		{A32C4C38-909C-44D1-AEE9-2217B7025EBB}.Debug|x86.ActiveCfg = Debug|Any CPU
		{A32C4C38-909C-44D1-AEE9-2217B7025EBB}.Debug|x86.Build.0 = Debug|Any CPU
		{A32C4C38-909C-44D1-AEE9-2217B7025EBB}.Debug|x86.Deploy.0 = Debug|Any CPU
		{A32C4C38-909C-44D1-AEE9-2217B7025EBB}.Release|Any CPU.ActiveCfg = Release|Any CPU
		{A32C4C38-909C-44D1-AEE9-2217B7025EBB}.Release|Any CPU.Build.0 = Release|Any CPU
		{A32C4C38-909C-44D1-AEE9-2217B7025EBB}.Release|Any CPU.Deploy.0 = Release|Any CPU
		{A32C4C38-909C-44D1-AEE9-2217B7025EBB}.Release|ARM.ActiveCfg = Release|Any CPU
		{A32C4C38-909C-44D1-AEE9-2217B7025EBB}.Release|ARM.Build.0 = Release|Any CPU
		{A32C4C38-909C-44D1-AEE9-2217B7025EBB}.Release|ARM.Deploy.0 = Release|Any CPU
		{A32C4C38-909C-44D1-AEE9-2217B7025EBB}.Release|x64.ActiveCfg = Release|Any CPU
		{A32C4C38-909C-44D1-AEE9-2217B7025EBB}.Release|x64.Build.0 = Release|Any CPU
		{A32C4C38-909C-44D1-AEE9-2217B7025EBB}.Release|x64.Deploy.0 = Release|Any CPU
		{A32C4C38-909C-44D1-AEE9-2217B7025EBB}.Release|x86.ActiveCfg = Release|Any CPU
		{A32C4C38-909C-44D1-AEE9-2217B7025EBB}.Release|x86.Build.0 = Release|Any CPU
		{A32C4C38-909C-44D1-AEE9-2217B7025EBB}.Release|x86.Deploy.0 = Release|Any CPU
	EndGlobalSection
	GlobalSection(SolutionProperties) = preSolution
		HideSolutionNode = FALSE
	EndGlobalSection
	GlobalSection(ExtensibilityGlobals) = postSolution
		SolutionGuid = {C3A23B0E-071B-4BBE-AC4E-44A66482B605}
	EndGlobalSection
EndGlobal
